# This file is automatically @generated by Cargo.
# It is not intended for manual editing.
version = 4

[[package]]
name = "client"
version = "0.1.0"
dependencies = [
 "foundation",
 "meshing",
 "voxels",
 "world",
]

[[package]]
name = "foundation"
version = "0.1.0"

[[package]]
name = "meshing"
version = "0.1.0"
dependencies = [
 "foundation",
 "voxels",
 "world",
]

[[package]]
name = "terrain"
version = "0.1.0"
dependencies = [
 "foundation",
 "voxels",
]

[[package]]
name = "voxels"
version = "0.1.0"
dependencies = [
 "foundation",
]

[[package]]
name = "world"
version = "0.1.0"
dependencies = [
 "foundation",
 "terrain",
 "voxels",
]
